
Microsoft Visual Studio Solution File, Format Version 12.00
# Visual Studio 15
VisualStudioVersion = 15.0.27004.2009
MinimumVisualStudioVersion = 10.0.40219.1
Project("{FAE04EC0-301F-11D3-BF4B-00C04F79EFBC}") = "Biolight.Brain", "Biolight.Brain\Biolight.Brain.csproj", "{CA6CD180-802A-4A47-AB42-0731A3F5B868}"
EndProject
Project("{FAE04EC0-301F-11D3-BF4B-00C04F79EFBC}") = "Biolight.Brain.GH", "Biolight.Brain.GH\Biolight.Brain.GH.csproj", "{E93CF339-D897-41A3-98E5-58706DEB7AB8}"
EndProject
Global
	GlobalSection(SolutionConfigurationPlatforms) = preSolution
		Debug|Any CPU = Debug|Any CPU
		Release|Any CPU = Release|Any CPU
	EndGlobalSection
	GlobalSection(ProjectConfigurationPlatforms) = postSolution
		{CA6CD180-802A-4A47-AB42-0731A3F5B868}.Debug|Any CPU.ActiveCfg = Debug|Any CPU
		{CA6CD180-802A-4A47-AB42-0731A3F5B868}.Debug|Any CPU.Build.0 = Debug|Any CPU
		{CA6CD180-802A-4A47-AB42-0731A3F5B868}.Release|Any CPU.ActiveCfg = Release|Any CPU
		{CA6CD180-802A-4A47-AB42-0731A3F5B868}.Release|Any CPU.Build.0 = Release|Any CPU
		{E93CF339-D897-41A3-98E5-58706DEB7AB8}.Debug|Any CPU.ActiveCfg = Debug|Any CPU
		{E93CF339-D897-41A3-98E5-58706DEB7AB8}.Debug|Any CPU.Build.0 = Debug|Any CPU
		{E93CF339-D897-41A3-98E5-58706DEB7AB8}.Release|Any CPU.ActiveCfg = Release|Any CPU
		{E93CF339-D897-41A3-98E5-58706DEB7AB8}.Release|Any CPU.Build.0 = Release|Any CPU
	EndGlobalSection
	GlobalSection(SolutionProperties) = preSolution
		HideSolutionNode = FALSE
	EndGlobalSection
	GlobalSection(ExtensibilityGlobals) = postSolution
		SolutionGuid = {0CE4AA60-AFFB-4EBD-8DE4-84DC6EE7843F}
	EndGlobalSection
EndGlobal
